
Microsoft Visual Studio Solution File, Format Version 12.00
# Visual Studio Version 17
VisualStudioVersion = 17.10.35122.118
MinimumVisualStudioVersion = 10.0.40219.1
Project("{FAE04EC0-301F-11D3-BF4B-00C04F79EFBC}") = "Exam System", "Exam System\Exam System.csproj", "{6416DB49-CC30-41DC-956F-1CCD558C4290}"
EndProject
Global
	GlobalSection(SolutionConfigurationPlatforms) = preSolution
		Debug|Any CPU = Debug|Any CPU
		Release|Any CPU = Release|Any CPU
	EndGlobalSection
	GlobalSection(ProjectConfigurationPlatforms) = postSolution
		{6416DB49-CC30-41DC-956F-1CCD558C4290}.Debug|Any CPU.ActiveCfg = Debug|Any CPU
		{6416DB49-CC30-41DC-956F-1CCD558C4290}.Debug|Any CPU.Build.0 = Debug|Any CPU
		{6416DB49-CC30-41DC-956F-1CCD558C4290}.Release|Any CPU.ActiveCfg = Release|Any CPU
		{6416DB49-CC30-41DC-956F-1CCD558C4290}.Release|Any CPU.Build.0 = Release|Any CPU
	EndGlobalSection
	GlobalSection(SolutionProperties) = preSolution
		HideSolutionNode = FALSE
	EndGlobalSection
	GlobalSection(ExtensibilityGlobals) = postSolution
		SolutionGuid = {4398E89B-5523-45B1-B096-024BAEF3E9CC}
	EndGlobalSection
EndGlobal
